// !$*UTF8*$!
{
	archiveVersion = 1;
	classes = {
	};
	objectVersion = 46;
	objects = {

/* Begin PBXBuildFile section */
		F69614F9153C933E00AC1F5C /* Foundation.framework in Frameworks */ = {isa = PBXBuildFile; fileRef = F69614F8153C933E00AC1F5C /* Foundation.framework */; };
		F696150B153C940000AC1F5C /* ThumborURL.h in Headers */ = {isa = PBXBuildFile; fileRef = F6961509153C940000AC1F5C /* ThumborURL.h */; settings = {ATTRIBUTES = (Public, ); }; };
		F696150C153C940000AC1F5C /* ThumborURL.m in Sources */ = {isa = PBXBuildFile; fileRef = F696150A153C940000AC1F5C /* ThumborURL.m */; };
		F6EC7495153CB63C00AF55B4 /* Foundation.framework in Frameworks */ = {isa = PBXBuildFile; fileRef = F69614F8153C933E00AC1F5C /* Foundation.framework */; };
		F6EC749B153CB63C00AF55B4 /* InfoPlist.strings in Resources */ = {isa = PBXBuildFile; fileRef = F6EC7499153CB63C00AF55B4 /* InfoPlist.strings */; };
		F6EC749E153CB63C00AF55B4 /* ThumborURLTests.m in Sources */ = {isa = PBXBuildFile; fileRef = F6EC749D153CB63C00AF55B4 /* ThumborURLTests.m */; };
		F6EC74A5153CB6C400AF55B4 /* libthumborurl.a in Frameworks */ = {isa = PBXBuildFile; fileRef = F69614F5153C933E00AC1F5C /* libthumborurl.a */; };
		F6EC74A9153CBB0000AF55B4 /* CoreGraphics.framework in Frameworks */ = {isa = PBXBuildFile; fileRef = F6EC74A8153CBB0000AF55B4 /* CoreGraphics.framework */; };
		F6EC74AA153CBB0500AF55B4 /* CoreGraphics.framework in Frameworks */ = {isa = PBXBuildFile; fileRef = F6EC74A8153CBB0000AF55B4 /* CoreGraphics.framework */; };
/* End PBXBuildFile section */

/* Begin PBXContainerItemProxy section */
		A82915AF194F969400BBBB24 /* PBXContainerItemProxy */ = {
			isa = PBXContainerItemProxy;
			containerPortal = F69614EC153C933E00AC1F5C /* Project object */;
			proxyType = 1;
			remoteGlobalIDString = F69614F4153C933E00AC1F5C;
			remoteInfo = thumborurl;
		};
/* End PBXContainerItemProxy section */

/* Begin PBXFileReference section */
		F69614F5153C933E00AC1F5C /* libthumborurl.a */ = {isa = PBXFileReference; explicitFileType = archive.ar; includeInIndex = 0; path = libthumborurl.a; sourceTree = BUILT_PRODUCTS_DIR; };
		F69614F8153C933E00AC1F5C /* Foundation.framework */ = {isa = PBXFileReference; lastKnownFileType = wrapper.framework; name = Foundation.framework; path = System/Library/Frameworks/Foundation.framework; sourceTree = SDKROOT; };
		F6961509153C940000AC1F5C /* ThumborURL.h */ = {isa = PBXFileReference; fileEncoding = 4; lastKnownFileType = sourcecode.c.h; path = ThumborURL.h; sourceTree = "<group>"; };
		F696150A153C940000AC1F5C /* ThumborURL.m */ = {isa = PBXFileReference; fileEncoding = 4; lastKnownFileType = sourcecode.c.objc; path = ThumborURL.m; sourceTree = "<group>"; };
		F6EC7490153CB63C00AF55B4 /* thumborurltests.xctest */ = {isa = PBXFileReference; explicitFileType = wrapper.cfbundle; includeInIndex = 0; path = thumborurltests.xctest; sourceTree = BUILT_PRODUCTS_DIR; };
		F6EC7498153CB63C00AF55B4 /* thumborurltests-Info.plist */ = {isa = PBXFileReference; lastKnownFileType = text.plist.xml; path = "thumborurltests-Info.plist"; sourceTree = "<group>"; };
		F6EC749A153CB63C00AF55B4 /* en */ = {isa = PBXFileReference; lastKnownFileType = text.plist.strings; name = en; path = en.lproj/InfoPlist.strings; sourceTree = "<group>"; };
		F6EC749D153CB63C00AF55B4 /* ThumborURLTests.m */ = {isa = PBXFileReference; lastKnownFileType = sourcecode.c.objc; path = ThumborURLTests.m; sourceTree = "<group>"; };
		F6EC749F153CB63C00AF55B4 /* thumborurltests-Prefix.pch */ = {isa = PBXFileReference; lastKnownFileType = sourcecode.c.h; path = "thumborurltests-Prefix.pch"; sourceTree = "<group>"; };
		F6EC74A8153CBB0000AF55B4 /* CoreGraphics.framework */ = {isa = PBXFileReference; lastKnownFileType = wrapper.framework; name = CoreGraphics.framework; path = System/Library/Frameworks/CoreGraphics.framework; sourceTree = SDKROOT; };
/* End PBXFileReference section */

/* Begin PBXFrameworksBuildPhase section */
		F69614F2153C933E00AC1F5C /* Frameworks */ = {
			isa = PBXFrameworksBuildPhase;
			buildActionMask = 2147483647;
			files = (
				F6EC74A9153CBB0000AF55B4 /* CoreGraphics.framework in Frameworks */,
				F69614F9153C933E00AC1F5C /* Foundation.framework in Frameworks */,
			);
			runOnlyForDeploymentPostprocessing = 0;
		};
		F6EC748C153CB63C00AF55B4 /* Frameworks */ = {
			isa = PBXFrameworksBuildPhase;
			buildActionMask = 2147483647;
			files = (
				F6EC74A5153CB6C400AF55B4 /* libthumborurl.a in Frameworks */,
				F6EC7495153CB63C00AF55B4 /* Foundation.framework in Frameworks */,
				F6EC74AA153CBB0500AF55B4 /* CoreGraphics.framework in Frameworks */,
			);
			runOnlyForDeploymentPostprocessing = 0;
		};
/* End PBXFrameworksBuildPhase section */

/* Begin PBXGroup section */
		F69614EA153C933E00AC1F5C = {
			isa = PBXGroup;
			children = (
				F69614FA153C933E00AC1F5C /* thumborurl */,
				F6EC7496153CB63C00AF55B4 /* thumborurltests */,
				F69614F7153C933E00AC1F5C /* Frameworks */,
				F69614F6153C933E00AC1F5C /* Products */,
			);
			sourceTree = "<group>";
		};
		F69614F6153C933E00AC1F5C /* Products */ = {
			isa = PBXGroup;
			children = (
				F69614F5153C933E00AC1F5C /* libthumborurl.a */,
				F6EC7490153CB63C00AF55B4 /* thumborurltests.xctest */,
			);
			name = Products;
			sourceTree = "<group>";
		};
		F69614F7153C933E00AC1F5C /* Frameworks */ = {
			isa = PBXGroup;
			children = (
				F6EC74A8153CBB0000AF55B4 /* CoreGraphics.framework */,
				F69614F8153C933E00AC1F5C /* Foundation.framework */,
			);
			name = Frameworks;
			sourceTree = "<group>";
		};
		F69614FA153C933E00AC1F5C /* thumborurl */ = {
			isa = PBXGroup;
			children = (
				F6961509153C940000AC1F5C /* ThumborURL.h */,
				F696150A153C940000AC1F5C /* ThumborURL.m */,
			);
			path = thumborurl;
			sourceTree = "<group>";
		};
		F6EC7496153CB63C00AF55B4 /* thumborurltests */ = {
			isa = PBXGroup;
			children = (
				F6EC749D153CB63C00AF55B4 /* ThumborURLTests.m */,
				F6EC7497153CB63C00AF55B4 /* Supporting Files */,
			);
			path = thumborurltests;
			sourceTree = "<group>";
		};
		F6EC7497153CB63C00AF55B4 /* Supporting Files */ = {
			isa = PBXGroup;
			children = (
				F6EC7498153CB63C00AF55B4 /* thumborurltests-Info.plist */,
				F6EC7499153CB63C00AF55B4 /* InfoPlist.strings */,
				F6EC749F153CB63C00AF55B4 /* thumborurltests-Prefix.pch */,
			);
			name = "Supporting Files";
			sourceTree = "<group>";
		};
/* End PBXGroup section */

/* Begin PBXHeadersBuildPhase section */
		F69614F3153C933E00AC1F5C /* Headers */ = {
			isa = PBXHeadersBuildPhase;
			buildActionMask = 2147483647;
			files = (
				F696150B153C940000AC1F5C /* ThumborURL.h in Headers */,
			);
			runOnlyForDeploymentPostprocessing = 0;
		};
/* End PBXHeadersBuildPhase section */

/* Begin PBXNativeTarget section */
		F69614F4153C933E00AC1F5C /* thumborurl */ = {
			isa = PBXNativeTarget;
			buildConfigurationList = F6961502153C933E00AC1F5C /* Build configuration list for PBXNativeTarget "thumborurl" */;
			buildPhases = (
				F69614F1153C933E00AC1F5C /* Sources */,
				F69614F2153C933E00AC1F5C /* Frameworks */,
				F69614F3153C933E00AC1F5C /* Headers */,
			);
			buildRules = (
			);
			dependencies = (
			);
			name = thumborurl;
			productName = thumborurl;
			productReference = F69614F5153C933E00AC1F5C /* libthumborurl.a */;
			productType = "com.apple.product-type.library.static";
		};
		F6EC748F153CB63C00AF55B4 /* thumborurltests */ = {
			isa = PBXNativeTarget;
			buildConfigurationList = F6EC74A0153CB63C00AF55B4 /* Build configuration list for PBXNativeTarget "thumborurltests" */;
			buildPhases = (
				F6EC748B153CB63C00AF55B4 /* Sources */,
				F6EC748C153CB63C00AF55B4 /* Frameworks */,
				F6EC748D153CB63C00AF55B4 /* Resources */,
				F6EC748E153CB63C00AF55B4 /* ShellScript */,
			);
			buildRules = (
			);
			dependencies = (
				A82915B0194F969400BBBB24 /* PBXTargetDependency */,
			);
			name = thumborurltests;
			productName = thumborurltests;
			productReference = F6EC7490153CB63C00AF55B4 /* thumborurltests.xctest */;
			productType = "com.apple.product-type.bundle.unit-test";
		};
/* End PBXNativeTarget section */

/* Begin PBXProject section */
		F69614EC153C933E00AC1F5C /* Project object */ = {
			isa = PBXProject;
			attributes = {
				LastUpgradeCheck = 0630;
			};
			buildConfigurationList = F69614EF153C933E00AC1F5C /* Build configuration list for PBXProject "thumborurl" */;
			compatibilityVersion = "Xcode 3.2";
			developmentRegion = English;
			hasScannedForEncodings = 0;
			knownRegions = (
				en,
			);
			mainGroup = F69614EA153C933E00AC1F5C;
			productRefGroup = F69614F6153C933E00AC1F5C /* Products */;
			projectDirPath = "";
			projectRoot = "";
			targets = (
				F69614F4153C933E00AC1F5C /* thumborurl */,
				F6EC748F153CB63C00AF55B4 /* thumborurltests */,
			);
		};
/* End PBXProject section */

/* Begin PBXResourcesBuildPhase section */
		F6EC748D153CB63C00AF55B4 /* Resources */ = {
			isa = PBXResourcesBuildPhase;
			buildActionMask = 2147483647;
			files = (
				F6EC749B153CB63C00AF55B4 /* InfoPlist.strings in Resources */,
			);
			runOnlyForDeploymentPostprocessing = 0;
		};
/* End PBXResourcesBuildPhase section */

/* Begin PBXShellScriptBuildPhase section */
		F6EC748E153CB63C00AF55B4 /* ShellScript */ = {
			isa = PBXShellScriptBuildPhase;
			buildActionMask = 2147483647;
			files = (
			);
			inputPaths = (
			);
			outputPaths = (
			);
			runOnlyForDeploymentPostprocessing = 0;
			shellPath = /bin/sh;
			shellScript = "# Run the unit tests in this test bundle.\n\"${SYSTEM_DEVELOPER_DIR}/Tools/RunUnitTests\"\n";
		};
/* End PBXShellScriptBuildPhase section */

/* Begin PBXSourcesBuildPhase section */
		F69614F1153C933E00AC1F5C /* Sources */ = {
			isa = PBXSourcesBuildPhase;
			buildActionMask = 2147483647;
			files = (
				F696150C153C940000AC1F5C /* ThumborURL.m in Sources */,
			);
			runOnlyForDeploymentPostprocessing = 0;
		};
		F6EC748B153CB63C00AF55B4 /* Sources */ = {
			isa = PBXSourcesBuildPhase;
			buildActionMask = 2147483647;
			files = (
				F6EC749E153CB63C00AF55B4 /* ThumborURLTests.m in Sources */,
			);
			runOnlyForDeploymentPostprocessing = 0;
		};
/* End PBXSourcesBuildPhase section */

/* Begin PBXTargetDependency section */
		A82915B0194F969400BBBB24 /* PBXTargetDependency */ = {
			isa = PBXTargetDependency;
			target = F69614F4153C933E00AC1F5C /* thumborurl */;
			targetProxy = A82915AF194F969400BBBB24 /* PBXContainerItemProxy */;
		};
/* End PBXTargetDependency section */

/* Begin PBXVariantGroup section */
		F6EC7499153CB63C00AF55B4 /* InfoPlist.strings */ = {
			isa = PBXVariantGroup;
			children = (
				F6EC749A153CB63C00AF55B4 /* en */,
			);
			name = InfoPlist.strings;
			sourceTree = "<group>";
		};
/* End PBXVariantGroup section */

/* Begin XCBuildConfiguration section */
		F6961500153C933E00AC1F5C /* Debug */ = {
			isa = XCBuildConfiguration;
			buildSettings = {
				ALWAYS_SEARCH_USER_PATHS = NO;
				CLANG_ENABLE_MODULES = YES;
				CLANG_WARN_DEPRECATED_OBJC_IMPLEMENTATIONS = YES;
				CLANG_WARN_DOCUMENTATION_COMMENTS = YES;
				COPY_PHASE_STRIP = NO;
				GCC_C_LANGUAGE_STANDARD = gnu99;
				GCC_DYNAMIC_NO_PIC = NO;
				GCC_OPTIMIZATION_LEVEL = 0;
				GCC_PREPROCESSOR_DEFINITIONS = (
					"DEBUG=1",
					"$(inherited)",
				);
				GCC_SYMBOLS_PRIVATE_EXTERN = NO;
				GCC_THUMB_SUPPORT = NO;
				GCC_TREAT_WARNINGS_AS_ERRORS = YES;
				GCC_WARN_ABOUT_RETURN_TYPE = YES;
				GCC_WARN_UNINITIALIZED_AUTOS = YES;
				GCC_WARN_UNUSED_VARIABLE = YES;
				IPHONEOS_DEPLOYMENT_TARGET = 6.0;
				ONLY_ACTIVE_ARCH = YES;
				PUBLIC_HEADERS_FOLDER_PATH = "include/$(PRODUCT_NAME)";
				SDKROOT = iphoneos;
			};
			name = Debug;
		};
		F6961501153C933E00AC1F5C /* Release */ = {
			isa = XCBuildConfiguration;
			buildSettings = {
				ALWAYS_SEARCH_USER_PATHS = NO;
				CLANG_ENABLE_MODULES = YES;
				CLANG_WARN_DEPRECATED_OBJC_IMPLEMENTATIONS = YES;
				CLANG_WARN_DOCUMENTATION_COMMENTS = YES;
				COPY_PHASE_STRIP = YES;
				GCC_C_LANGUAGE_STANDARD = gnu99;
				GCC_THUMB_SUPPORT = NO;
				GCC_TREAT_WARNINGS_AS_ERRORS = YES;
				GCC_WARN_ABOUT_RETURN_TYPE = YES;
				GCC_WARN_UNINITIALIZED_AUTOS = YES;
				GCC_WARN_UNUSED_VARIABLE = YES;
				IPHONEOS_DEPLOYMENT_TARGET = 6.0;
				PUBLIC_HEADERS_FOLDER_PATH = "include/$(PRODUCT_NAME)";
				SDKROOT = iphoneos;
				VALIDATE_PRODUCT = YES;
			};
			name = Release;
		};
		F6961503153C933E00AC1F5C /* Debug */ = {
			isa = XCBuildConfiguration;
			buildSettings = {
				CLANG_ENABLE_OBJC_ARC = YES;
				DSTROOT = /tmp/thumborurl.dst;
				GCC_THUMB_SUPPORT = NO;
				LIBRARY_SEARCH_PATHS = (
					"$(inherited)",
					"\"$(SDKROOT)/usr/lib/system\"",
				);
				PRODUCT_NAME = "$(TARGET_NAME)";
				SKIP_INSTALL = YES;
			};
			name = Debug;
		};
		F6961504153C933E00AC1F5C /* Release */ = {
			isa = XCBuildConfiguration;
			buildSettings = {
				CLANG_ENABLE_OBJC_ARC = YES;
				DSTROOT = /tmp/thumborurl.dst;
				GCC_THUMB_SUPPORT = NO;
				LIBRARY_SEARCH_PATHS = (
					"$(inherited)",
					"\"$(SDKROOT)/usr/lib/system\"",
				);
				PRODUCT_NAME = "$(TARGET_NAME)";
				SKIP_INSTALL = YES;
			};
			name = Release;
		};
		F6EC74A1153CB63C00AF55B4 /* Debug */ = {
			isa = XCBuildConfiguration;
			buildSettings = {
				FRAMEWORK_SEARCH_PATHS = (
					"$(SDKROOT)/Developer/Library/Frameworks",
					"$(inherited)",
				);
				GCC_PRECOMPILE_PREFIX_HEADER = YES;
				GCC_PREFIX_HEADER = "thumborurltests/thumborurltests-Prefix.pch";
				GCC_THUMB_SUPPORT = NO;
				INFOPLIST_FILE = "thumborurltests/thumborurltests-Info.plist";
				LIBRARY_SEARCH_PATHS = (
					"$(inherited)",
					"\"$(SDKROOT)/usr/lib/system\"",
				);
				OTHER_LDFLAGS = "-ObjC";
				PRODUCT_NAME = "$(TARGET_NAME)";
			};
			name = Debug;
		};
		F6EC74A2153CB63C00AF55B4 /* Release */ = {
			isa = XCBuildConfiguration;
			buildSettings = {
				FRAMEWORK_SEARCH_PATHS = (
					"$(SDKROOT)/Developer/Library/Frameworks",
					"$(inherited)",
				);
				GCC_PRECOMPILE_PREFIX_HEADER = YES;
				GCC_PREFIX_HEADER = "thumborurltests/thumborurltests-Prefix.pch";
				GCC_THUMB_SUPPORT = NO;
				INFOPLIST_FILE = "thumborurltests/thumborurltests-Info.plist";
				LIBRARY_SEARCH_PATHS = (
					"$(inherited)",
					"\"$(SDKROOT)/usr/lib/system\"",
				);
				OTHER_LDFLAGS = "-ObjC";
				PRODUCT_NAME = "$(TARGET_NAME)";
			};
			name = Release;
		};
/* End XCBuildConfiguration section */

/* Begin XCConfigurationList section */
		F69614EF153C933E00AC1F5C /* Build configuration list for PBXProject "thumborurl" */ = {
			isa = XCConfigurationList;
			buildConfigurations = (
				F6961500153C933E00AC1F5C /* Debug */,
				F6961501153C933E00AC1F5C /* Release */,
			);
			defaultConfigurationIsVisible = 0;
			defaultConfigurationName = Release;
		};
		F6961502153C933E00AC1F5C /* Build configuration list for PBXNativeTarget "thumborurl" */ = {
			isa = XCConfigurationList;
			buildConfigurations = (
				F6961503153C933E00AC1F5C /* Debug */,
				F6961504153C933E00AC1F5C /* Release */,
			);
			defaultConfigurationIsVisible = 0;
			defaultConfigurationName = Release;
		};
		F6EC74A0153CB63C00AF55B4 /* Build configuration list for PBXNativeTarget "thumborurltests" */ = {
			isa = XCConfigurationList;
			buildConfigurations = (
				F6EC74A1153CB63C00AF55B4 /* Debug */,
				F6EC74A2153CB63C00AF55B4 /* Release */,
			);
			defaultConfigurationIsVisible = 0;
			defaultConfigurationName = Release;
		};
/* End XCConfigurationList section */
	};
	rootObject = F69614EC153C933E00AC1F5C /* Project object */;
}
